
Microsoft Visual Studio Solution File, Format Version 12.00
# Visual Studio 15
Project("{FAE04EC0-301F-11D3-BF4B-00C04F79EFBC}") = "Assembly-CSharp", "Assembly-CSharp.csproj", "{1514254D-0313-5D3E-E873-D92804DB653A}"
EndProject
Project("{FAE04EC0-301F-11D3-BF4B-00C04F79EFBC}") = "Assembly-CSharp-Editor", "Assembly-CSharp-Editor.csproj", "{8F6A3C2A-712F-8E51-9336-3DCE28FC5965}"
EndProject
Global
	GlobalSection(SolutionConfigurationPlatforms) = preSolution
		Debug|Any CPU = Debug|Any CPU
		Release|Any CPU = Release|Any CPU
	EndGlobalSection
	GlobalSection(ProjectConfigurationPlatforms) = postSolution
		{1514254D-0313-5D3E-E873-D92804DB653A}.Debug|Any CPU.ActiveCfg = Debug|Any CPU
		{1514254D-0313-5D3E-E873-D92804DB653A}.Debug|Any CPU.Build.0 = Debug|Any CPU
		{1514254D-0313-5D3E-E873-D92804DB653A}.Release|Any CPU.ActiveCfg = Release|Any CPU
		{1514254D-0313-5D3E-E873-D92804DB653A}.Release|Any CPU.Build.0 = Release|Any CPU
		{8F6A3C2A-712F-8E51-9336-3DCE28FC5965}.Debug|Any CPU.ActiveCfg = Debug|Any CPU
		{8F6A3C2A-712F-8E51-9336-3DCE28FC5965}.Debug|Any CPU.Build.0 = Debug|Any CPU
		{8F6A3C2A-712F-8E51-9336-3DCE28FC5965}.Release|Any CPU.ActiveCfg = Release|Any CPU
		{8F6A3C2A-712F-8E51-9336-3DCE28FC5965}.Release|Any CPU.Build.0 = Release|Any CPU
	EndGlobalSection
	GlobalSection(SolutionProperties) = preSolution
		HideSolutionNode = FALSE
	EndGlobalSection
EndGlobal
